
Microsoft Visual Studio Solution File, Format Version 12.00
# Visual Studio Version 17
VisualStudioVersion = 17.12.35707.178
MinimumVisualStudioVersion = 10.0.40219.1

Project("{FAE04EC0-301F-11D3-BF4B-00C04F79EFBC}") = "AirlineData", "AirlineData\AirlineData.csproj", "{E806B73C-D1D8-45F1-8427-B7B3620ED2BE}"
EndProject
Project("{FAE04EC0-301F-11D3-BF4B-00C04F79EFBC}") = "FlightRestService", "FlightRestService\FlightRestService.csproj", "{902E159F-8E24-4178-AC2F-F88547D4801D}"
EndProject
Global
	GlobalSection(SolutionConfigurationPlatforms) = preSolution
		Debug|Any CPU = Debug|Any CPU
<<<<<<< HEAD
		Debug|x64 = Debug|x64
		Debug|x86 = Debug|x86
		Release|Any CPU = Release|Any CPU
		Release|x64 = Release|x64
		Release|x86 = Release|x86
	EndGlobalSection
	GlobalSection(ProjectConfigurationPlatforms) = postSolution
		{7EB66864-1F65-4B79-B29C-7033C15EB4CF}.Debug|Any CPU.ActiveCfg = Debug|Any CPU
		{7EB66864-1F65-4B79-B29C-7033C15EB4CF}.Debug|Any CPU.Build.0 = Debug|Any CPU
		{7EB66864-1F65-4B79-B29C-7033C15EB4CF}.Debug|x64.ActiveCfg = Debug|Any CPU
		{7EB66864-1F65-4B79-B29C-7033C15EB4CF}.Debug|x64.Build.0 = Debug|Any CPU
		{7EB66864-1F65-4B79-B29C-7033C15EB4CF}.Debug|x86.ActiveCfg = Debug|Any CPU
		{7EB66864-1F65-4B79-B29C-7033C15EB4CF}.Debug|x86.Build.0 = Debug|Any CPU
		{7EB66864-1F65-4B79-B29C-7033C15EB4CF}.Release|Any CPU.ActiveCfg = Release|Any CPU
		{7EB66864-1F65-4B79-B29C-7033C15EB4CF}.Release|Any CPU.Build.0 = Release|Any CPU
		{7EB66864-1F65-4B79-B29C-7033C15EB4CF}.Release|x64.ActiveCfg = Release|Any CPU
		{7EB66864-1F65-4B79-B29C-7033C15EB4CF}.Release|x64.Build.0 = Release|Any CPU
		{7EB66864-1F65-4B79-B29C-7033C15EB4CF}.Release|x86.ActiveCfg = Release|Any CPU
		{7EB66864-1F65-4B79-B29C-7033C15EB4CF}.Release|x86.Build.0 = Release|Any CPU
		{1008C75A-F686-4ECE-9FFF-E81DB5CF5A77}.Debug|Any CPU.ActiveCfg = Debug|Any CPU
		{1008C75A-F686-4ECE-9FFF-E81DB5CF5A77}.Debug|Any CPU.Build.0 = Debug|Any CPU
		{1008C75A-F686-4ECE-9FFF-E81DB5CF5A77}.Debug|x64.ActiveCfg = Debug|Any CPU
		{1008C75A-F686-4ECE-9FFF-E81DB5CF5A77}.Debug|x64.Build.0 = Debug|Any CPU
		{1008C75A-F686-4ECE-9FFF-E81DB5CF5A77}.Debug|x86.ActiveCfg = Debug|Any CPU
		{1008C75A-F686-4ECE-9FFF-E81DB5CF5A77}.Debug|x86.Build.0 = Debug|Any CPU
		{1008C75A-F686-4ECE-9FFF-E81DB5CF5A77}.Release|Any CPU.ActiveCfg = Release|Any CPU
		{1008C75A-F686-4ECE-9FFF-E81DB5CF5A77}.Release|Any CPU.Build.0 = Release|Any CPU
		{1008C75A-F686-4ECE-9FFF-E81DB5CF5A77}.Release|x64.ActiveCfg = Release|Any CPU
		{1008C75A-F686-4ECE-9FFF-E81DB5CF5A77}.Release|x64.Build.0 = Release|Any CPU
		{1008C75A-F686-4ECE-9FFF-E81DB5CF5A77}.Release|x86.ActiveCfg = Release|Any CPU
		{1008C75A-F686-4ECE-9FFF-E81DB5CF5A77}.Release|x86.Build.0 = Release|Any CPU
	EndGlobalSection
	GlobalSection(SolutionProperties) = preSolution
		HideSolutionNode = FALSE
	EndGlobalSection
EndGlobal
